
Microsoft Visual Studio Solution File, Format Version 12.00
# Visual Studio Version 17
VisualStudioVersion = 17.3.32804.467
MinimumVisualStudioVersion = 10.0.40219.1
Project("{8BC9CEB8-8B4A-11D0-8D11-00A0C91BC942}") = "ray", "ray.vcxproj", "{822E26F4-C34A-4254-8C05-5CFA8E7E2B61}"
EndProject
Global
	GlobalSection(SolutionConfigurationPlatforms) = preSolution
		Debug|x64 = Debug|x64
	EndGlobalSection
	GlobalSection(ProjectConfigurationPlatforms) = postSolution
		{822E26F4-C34A-4254-8C05-5CFA8E7E2B61}.Debug|x64.ActiveCfg = Debug|x64
		{822E26F4-C34A-4254-8C05-5CFA8E7E2B61}.Debug|x64.Build.0 = Debug|x64
	EndGlobalSection
	GlobalSection(SolutionProperties) = preSolution
		HideSolutionNode = FALSE
	EndGlobalSection
	GlobalSection(ExtensibilityGlobals) = postSolution
		SolutionGuid = {AFCDCDDA-E650-4DF7-A75E-4BA7780DFE52}
	EndGlobalSection
EndGlobal
